{
  "name": "box-framework",
  "version": "1.0.0",
  "lockfileVersion": 3,
  "requires": true,
  "packages": {
    "": {
      "name": "box-framework",
      "version": "1.0.0",
      "license": "MIT",
      "dependencies": {
        "box-framework": "^0.1.1"
      },
      "bin": {
        "box": "bin/box.js"
      },
      "engines": {
        "node": ">=16.0.0"
      }
    },
    "node_modules/box-framework": {
      "version": "0.1.1",
      "resolved": "https://registry.npmjs.org/box-framework/-/box-framework-0.1.1.tgz",
      "integrity": "sha512-q/8KrNrhmh1dRW/RSLnGO2E0kJirJoUk0rQpgd+t4k70wQgy8rMfhUidDmyeLWQ3HqS+mBlgHQC/IjIhA+2Wpg==",
      "license": "MIT",
      "engines": {
        "node": "6.10.x"
      }
    }
  }
}
